
Microsoft Visual Studio Solution File, Format Version 12.00
Project("{FAE04EC0-301F-11D3-BF4B-00C04F79EFBC}") = "Overflow.AppHost", "Overflow.AppHost\Overflow.AppHost.csproj", "{CA14791F-D728-44DE-A8E3-419E53C9DF99}"
EndProject
Project("{FAE04EC0-301F-11D3-BF4B-00C04F79EFBC}") = "Overflow.ServiceDefaults", "Overflow.ServiceDefaults\Overflow.ServiceDefaults.csproj", "{AAE940B5-5F5E-47EE-92E8-DF327E70FC32}"
EndProject
Project("{2150E333-8FDC-42A3-9474-1A3956D46DE8}") = "services", "services", "{8083F1F4-6EA6-4C50-9D08-765BD9676E57}"
EndProject
Project("{FAE04EC0-301F-11D3-BF4B-00C04F79EFBC}") = "SearchService", "SearchService\SearchService.csproj", "{941F7E86-0188-4B99-ACEB-0887C616CC56}"
EndProject
Project("{2150E333-8FDC-42A3-9474-1A3956D46DE8}") = "common", "common", "{8BC0522E-DBFC-49EE-B3A8-CD38B5C6DB35}"
EndProject
Project("{FAE04EC0-301F-11D3-BF4B-00C04F79EFBC}") = "Contracts", "Contracts\Contracts.csproj", "{355F8350-8FCC-484D-9C88-64052F31FD8A}"
EndProject
Project("{FAE04EC0-301F-11D3-BF4B-00C04F79EFBC}") = "PostService", "PostService\PostService.csproj", "{41823356-B845-483F-A0C9-C5243B7F9871}"
EndProject
Project("{FAE04EC0-301F-11D3-BF4B-00C04F79EFBC}") = "Domain", "Core\Domain\Domain.csproj", "{CB94AF1D-20CF-4782-B95D-A788E7FE3CE9}"
EndProject
Project("{FAE04EC0-301F-11D3-BF4B-00C04F79EFBC}") = "Tests", "Tests\Tests\Tests.csproj", "{017B1BD7-D65A-4D34-A034-86C8612B298B}"
EndProject
Project("{FAE04EC0-301F-11D3-BF4B-00C04F79EFBC}") = "Application", "Core\Application\Application.csproj", "{70607B1C-9DF3-47E2-B49A-870B5B8ED9BA}"
EndProject
Project("{FAE04EC0-301F-11D3-BF4B-00C04F79EFBC}") = "Persistence", "Infrastructure\Persistence\Persistence.csproj", "{83A9192E-FB9E-4A48-80F3-3E6ACED8B17D}"
EndProject
Project("{FAE04EC0-301F-11D3-BF4B-00C04F79EFBC}") = "PostServer.API", "API\PostServer.API\PostServer.API.csproj", "{68B1C501-E461-4C3A-A260-B508E2FE6437}"
EndProject
Global
	GlobalSection(SolutionConfigurationPlatforms) = preSolution
		Debug|Any CPU = Debug|Any CPU
		Release|Any CPU = Release|Any CPU
	EndGlobalSection
	GlobalSection(ProjectConfigurationPlatforms) = postSolution
		{CA14791F-D728-44DE-A8E3-419E53C9DF99}.Debug|Any CPU.ActiveCfg = Debug|Any CPU
		{CA14791F-D728-44DE-A8E3-419E53C9DF99}.Debug|Any CPU.Build.0 = Debug|Any CPU
		{CA14791F-D728-44DE-A8E3-419E53C9DF99}.Release|Any CPU.ActiveCfg = Release|Any CPU
		{CA14791F-D728-44DE-A8E3-419E53C9DF99}.Release|Any CPU.Build.0 = Release|Any CPU
		{AAE940B5-5F5E-47EE-92E8-DF327E70FC32}.Debug|Any CPU.ActiveCfg = Debug|Any CPU
		{AAE940B5-5F5E-47EE-92E8-DF327E70FC32}.Debug|Any CPU.Build.0 = Debug|Any CPU
		{AAE940B5-5F5E-47EE-92E8-DF327E70FC32}.Release|Any CPU.ActiveCfg = Release|Any CPU
		{AAE940B5-5F5E-47EE-92E8-DF327E70FC32}.Release|Any CPU.Build.0 = Release|Any CPU
		{941F7E86-0188-4B99-ACEB-0887C616CC56}.Debug|Any CPU.ActiveCfg = Debug|Any CPU
		{941F7E86-0188-4B99-ACEB-0887C616CC56}.Debug|Any CPU.Build.0 = Debug|Any CPU
		{941F7E86-0188-4B99-ACEB-0887C616CC56}.Release|Any CPU.ActiveCfg = Release|Any CPU
		{941F7E86-0188-4B99-ACEB-0887C616CC56}.Release|Any CPU.Build.0 = Release|Any CPU
		{355F8350-8FCC-484D-9C88-64052F31FD8A}.Debug|Any CPU.ActiveCfg = Debug|Any CPU
		{355F8350-8FCC-484D-9C88-64052F31FD8A}.Debug|Any CPU.Build.0 = Debug|Any CPU
		{355F8350-8FCC-484D-9C88-64052F31FD8A}.Release|Any CPU.ActiveCfg = Release|Any CPU
		{355F8350-8FCC-484D-9C88-64052F31FD8A}.Release|Any CPU.Build.0 = Release|Any CPU
		{41823356-B845-483F-A0C9-C5243B7F9871}.Debug|Any CPU.ActiveCfg = Debug|Any CPU
		{41823356-B845-483F-A0C9-C5243B7F9871}.Debug|Any CPU.Build.0 = Debug|Any CPU
		{41823356-B845-483F-A0C9-C5243B7F9871}.Release|Any CPU.ActiveCfg = Release|Any CPU
		{41823356-B845-483F-A0C9-C5243B7F9871}.Release|Any CPU.Build.0 = Release|Any CPU
		{CB94AF1D-20CF-4782-B95D-A788E7FE3CE9}.Debug|Any CPU.ActiveCfg = Debug|Any CPU
		{CB94AF1D-20CF-4782-B95D-A788E7FE3CE9}.Debug|Any CPU.Build.0 = Debug|Any CPU
		{CB94AF1D-20CF-4782-B95D-A788E7FE3CE9}.Release|Any CPU.ActiveCfg = Release|Any CPU
		{CB94AF1D-20CF-4782-B95D-A788E7FE3CE9}.Release|Any CPU.Build.0 = Release|Any CPU
		{017B1BD7-D65A-4D34-A034-86C8612B298B}.Debug|Any CPU.ActiveCfg = Debug|Any CPU
		{017B1BD7-D65A-4D34-A034-86C8612B298B}.Debug|Any CPU.Build.0 = Debug|Any CPU
		{017B1BD7-D65A-4D34-A034-86C8612B298B}.Release|Any CPU.ActiveCfg = Release|Any CPU
		{017B1BD7-D65A-4D34-A034-86C8612B298B}.Release|Any CPU.Build.0 = Release|Any CPU
		{70607B1C-9DF3-47E2-B49A-870B5B8ED9BA}.Debug|Any CPU.ActiveCfg = Debug|Any CPU
		{70607B1C-9DF3-47E2-B49A-870B5B8ED9BA}.Debug|Any CPU.Build.0 = Debug|Any CPU
		{70607B1C-9DF3-47E2-B49A-870B5B8ED9BA}.Release|Any CPU.ActiveCfg = Release|Any CPU
		{70607B1C-9DF3-47E2-B49A-870B5B8ED9BA}.Release|Any CPU.Build.0 = Release|Any CPU
		{83A9192E-FB9E-4A48-80F3-3E6ACED8B17D}.Debug|Any CPU.ActiveCfg = Debug|Any CPU
		{83A9192E-FB9E-4A48-80F3-3E6ACED8B17D}.Debug|Any CPU.Build.0 = Debug|Any CPU
		{83A9192E-FB9E-4A48-80F3-3E6ACED8B17D}.Release|Any CPU.ActiveCfg = Release|Any CPU
		{83A9192E-FB9E-4A48-80F3-3E6ACED8B17D}.Release|Any CPU.Build.0 = Release|Any CPU
		{68B1C501-E461-4C3A-A260-B508E2FE6437}.Debug|Any CPU.ActiveCfg = Debug|Any CPU
		{68B1C501-E461-4C3A-A260-B508E2FE6437}.Debug|Any CPU.Build.0 = Debug|Any CPU
		{68B1C501-E461-4C3A-A260-B508E2FE6437}.Release|Any CPU.ActiveCfg = Release|Any CPU
		{68B1C501-E461-4C3A-A260-B508E2FE6437}.Release|Any CPU.Build.0 = Release|Any CPU
	EndGlobalSection
	GlobalSection(NestedProjects) = preSolution
		{941F7E86-0188-4B99-ACEB-0887C616CC56} = {8083F1F4-6EA6-4C50-9D08-765BD9676E57}
		{355F8350-8FCC-484D-9C88-64052F31FD8A} = {8BC0522E-DBFC-49EE-B3A8-CD38B5C6DB35}
		{41823356-B845-483F-A0C9-C5243B7F9871} = {8083F1F4-6EA6-4C50-9D08-765BD9676E57}
	EndGlobalSection
EndGlobal
